
Microsoft Visual Studio Solution File, Format Version 12.00
# Visual Studio Version 17
VisualStudioVersion = 17.14.36623.8
MinimumVisualStudioVersion = 10.0.40219.1
Project("{FAE04EC0-301F-11D3-BF4B-00C04F79EFBC}") = "ShellLauncher,v3", "ShellLauncher,v3\ShellLauncher,v3.csproj", "{F8BA003F-7606-49AB-968E-8E8C941A2238}"
EndProject
Project("{54435603-DBB4-11D2-8724-00A0C9A8B90C}") = "Setup1", "Setup1\Setup1.vdproj", "{F5D91FD6-F519-3AC5-2EF1-6ADD62B256F6}"
EndProject
Global
	GlobalSection(SolutionConfigurationPlatforms) = preSolution
		Debug|Any CPU = Debug|Any CPU
		Release|Any CPU = Release|Any CPU
	EndGlobalSection
	GlobalSection(ProjectConfigurationPlatforms) = postSolution
		{F8BA003F-7606-49AB-968E-8E8C941A2238}.Debug|Any CPU.ActiveCfg = Debug|Any CPU
		{F8BA003F-7606-49AB-968E-8E8C941A2238}.Debug|Any CPU.Build.0 = Debug|Any CPU
		{F8BA003F-7606-49AB-968E-8E8C941A2238}.Release|Any CPU.ActiveCfg = Release|Any CPU
		{F8BA003F-7606-49AB-968E-8E8C941A2238}.Release|Any CPU.Build.0 = Release|Any CPU
		{F5D91FD6-F519-3AC5-2EF1-6ADD62B256F6}.Debug|Any CPU.ActiveCfg = Debug
		{F5D91FD6-F519-3AC5-2EF1-6ADD62B256F6}.Debug|Any CPU.Build.0 = Debug
		{F5D91FD6-F519-3AC5-2EF1-6ADD62B256F6}.Release|Any CPU.ActiveCfg = Release
	EndGlobalSection
	GlobalSection(SolutionProperties) = preSolution
		HideSolutionNode = FALSE
	EndGlobalSection
	GlobalSection(ExtensibilityGlobals) = postSolution
		SolutionGuid = {EAE9E67F-4B4F-452B-9D9C-F95E1C1A0A8A}
	EndGlobalSection
EndGlobal
